
Microsoft Visual Studio Solution File, Format Version 12.00
# Visual Studio Version 16
VisualStudioVersion = 16.0.31424.327
MinimumVisualStudioVersion = 10.0.40219.1
Project("{FAE04EC0-301F-11D3-BF4B-00C04F79EFBC}") = "programme_json", "programme_json\programme_json.csproj", "{81BC0BBF-2EBB-4000-B15E-96C1E1921A81}"
EndProject
Global
	GlobalSection(SolutionConfigurationPlatforms) = preSolution
		Debug|Any CPU = Debug|Any CPU
		Release|Any CPU = Release|Any CPU
	EndGlobalSection
	GlobalSection(ProjectConfigurationPlatforms) = postSolution
		{81BC0BBF-2EBB-4000-B15E-96C1E1921A81}.Debug|Any CPU.ActiveCfg = Debug|Any CPU
		{81BC0BBF-2EBB-4000-B15E-96C1E1921A81}.Debug|Any CPU.Build.0 = Debug|Any CPU
		{81BC0BBF-2EBB-4000-B15E-96C1E1921A81}.Release|Any CPU.ActiveCfg = Release|Any CPU
		{81BC0BBF-2EBB-4000-B15E-96C1E1921A81}.Release|Any CPU.Build.0 = Release|Any CPU
	EndGlobalSection
	GlobalSection(SolutionProperties) = preSolution
		HideSolutionNode = FALSE
	EndGlobalSection
	GlobalSection(ExtensibilityGlobals) = postSolution
		SolutionGuid = {61FCFF59-5AF6-4F41-8289-1B76BE1C8C4A}
	EndGlobalSection
EndGlobal
